<?xml version="1.0" encoding="utf-8"?>
<Project ToolsVersion="4.0" xmlns="http://schemas.microsoft.com/developer/msbuild/2003">
  <ItemGroup>
    <Filter Include="Source Files">
      <UniqueIdentifier>{4FC737F1-C7A5-4376-A066-2A32D752A2FF}</UniqueIdentifier>
      <Extensions>cpp;c;cc;cxx;def;odl;idl;hpj;bat;asm;asmx</Extensions>
    </Filter>
    <Filter Include="Header Files">
      <UniqueIdentifier>{93995380-89BD-4b04-88EB-625FBE52EBFB}</UniqueIdentifier>
      <Extensions>h;hh;hpp;hxx;hm;inl;inc;xsd</Extensions>
    </Filter>
    <Filter Include="Resource Files">
      <UniqueIdentifier>{67DA6AB6-F800-4c08-8B7A-83BB121AAD01}</UniqueIdentifier>
      <Extensions>rc;ico;cur;bmp;dlg;rc2;rct;bin;rgs;gif;jpg;jpeg;jpe;resx;tiff;tif;png;wav;mfcribbon-ms</Extensions>
    </Filter>
    <Filter Include="shaders">
      <UniqueIdentifier>{89c53461-00cd-4bdc-86d1-9bb302804c4f}</UniqueIdentifier>
    </Filter>
    <Filter Include="imgui">
      <UniqueIdentifier>{f275f007-ac79-4e76-a691-f72b90b25d34}</UniqueIdentifier>
    </Filter>
  </ItemGroup>
  <ItemGroup>
    <ClInclude Include="src\d3dhelper.h">
      <Filter>Header Files</Filter>
    </ClInclude>
    <ClInclude Include="src\dds.h">
      <Filter>Header Files</Filter>
    </ClInclude>
    <ClInclude Include="src\DDSTextureLoader.h">
      <Filter>Header Files</Filter>
    </ClInclude>
    <ClInclude Include="src\DirectXHelpers.h">
      <Filter>Header Files</Filter>
    </ClInclude>
    <ClInclude Include="src\farmhash.h">
      <Filter>Header Files</Filter>
    </ClInclude>
    <ClInclude Include="src\libovrwrapper.h">
      <Filter>Header Files</Filter>
    </ClInclude>
    <ClInclude Include="src\PlatformHelpers.h">
      <Filter>Header Files</Filter>
    </ClInclude>
    <ClInclude Include="src\resourcemanager.h">
      <Filter>Header Files</Filter>
    </ClInclude>
    <ClInclude Include="src\scene.h">
      <Filter>Header Files</Filter>
    </ClInclude>
    <ClInclude Include="src\sphere.h">
      <Filter>Header Files</Filter>
    </ClInclude>
    <ClInclude Include="src\terrain.h">
      <Filter>Header Files</Filter>
    </ClInclude>
    <ClInclude Include="src\Win32_DX11AppUtil.h">
      <Filter>Header Files</Filter>
    </ClInclude>
    <ClInclude Include="src\hashhelpers.h">
      <Filter>Header Files</Filter>
    </ClInclude>
    <ClInclude Include="src\d3dresourcemanagers.h">
      <Filter>Header Files</Filter>
    </ClInclude>
    <ClInclude Include="auto_pch.h">
      <Filter>Header Files</Filter>
    </ClInclude>
    <ClInclude Include="src\pipelinestateobject.h">
      <Filter>Header Files</Filter>
    </ClInclude>
    <ClInclude Include="src\pipelinestateobjectmanager.h">
      <Filter>Header Files</Filter>
    </ClInclude>
    <ClInclude Include="src\d3dstatemanagers.h">
      <Filter>Header Files</Filter>
    </ClInclude>
    <ClInclude Include="src\hlslmacros.h">
      <Filter>Header Files</Filter>
    </ClInclude>
    <ClInclude Include="src\imgui\imconfig.h">
      <Filter>imgui</Filter>
    </ClInclude>
    <ClInclude Include="src\imgui\imgui.h">
      <Filter>imgui</Filter>
    </ClInclude>
    <ClInclude Include="src\imgui\imgui_impl_dx11.h">
      <Filter>imgui</Filter>
    </ClInclude>
    <ClInclude Include="src\imgui\stb_rect_pack.h">
      <Filter>imgui</Filter>
    </ClInclude>
    <ClInclude Include="src\imgui\stb_textedit.h">
      <Filter>imgui</Filter>
    </ClInclude>
    <ClInclude Include="src\imgui\stb_truetype.h">
      <Filter>imgui</Filter>
    </ClInclude>
    <ClInclude Include="src\util.h">
      <Filter>Header Files</Filter>
    </ClInclude>
    <ClInclude Include="src\label.h">
      <Filter>Header Files</Filter>
    </ClInclude>
    <ClInclude Include="src\d2dhelper.h">
      <Filter>Header Files</Filter>
    </ClInclude>
  </ItemGroup>
  <ItemGroup>
    <ClCompile Include="src\d3dhelper.cpp">
      <Filter>Source Files</Filter>
    </ClCompile>
    <ClCompile Include="src\DDSTextureLoader.cpp">
      <Filter>Source Files</Filter>
    </ClCompile>
    <ClCompile Include="src\farmhash.cpp">
      <Filter>Source Files</Filter>
    </ClCompile>
    <ClCompile Include="src\libovrwrapper.cpp">
      <Filter>Source Files</Filter>
    </ClCompile>
    <ClCompile Include="src\resourcemanager.cpp">
      <Filter>Source Files</Filter>
    </ClCompile>
    <ClCompile Include="src\scene.cpp">
      <Filter>Source Files</Filter>
    </ClCompile>
    <ClCompile Include="src\sphere.cpp">
      <Filter>Source Files</Filter>
    </ClCompile>
    <ClCompile Include="src\terrain.cpp">
      <Filter>Source Files</Filter>
    </ClCompile>
    <ClCompile Include="src\Win32_DX11AppUtil.cpp">
      <Filter>Source Files</Filter>
    </ClCompile>
    <ClCompile Include="src\Win32_RoomTiny_Main.cpp">
      <Filter>Source Files</Filter>
    </ClCompile>
    <ClCompile Include="src\hashhelpers.cpp">
      <Filter>Source Files</Filter>
    </ClCompile>
    <ClCompile Include="src\d3dresourcemanagers.cpp">
      <Filter>Source Files</Filter>
    </ClCompile>
    <ClCompile Include="auto_pch.cpp">
      <Filter>Source Files</Filter>
    </ClCompile>
    <ClCompile Include="src\pipelinestateobject.cpp">
      <Filter>Source Files</Filter>
    </ClCompile>
    <ClCompile Include="src\pipelinestateobjectmanager.cpp">
      <Filter>Source Files</Filter>
    </ClCompile>
    <ClCompile Include="src\d3dstatemanagers.cpp">
      <Filter>Source Files</Filter>
    </ClCompile>
    <ClCompile Include="src\imgui\imgui.cpp">
      <Filter>imgui</Filter>
    </ClCompile>
    <ClCompile Include="src\imgui\imgui_impl_dx11.cpp">
      <Filter>imgui</Filter>
    </ClCompile>
    <ClCompile Include="src\label.cpp">
      <Filter>Source Files</Filter>
    </ClCompile>
    <ClCompile Include="src\util.cpp">
      <Filter>Source Files</Filter>
    </ClCompile>
  </ItemGroup>
  <ItemGroup>
    <FxCompile Include="dummyhmdps.hlsl">
      <Filter>shaders</Filter>
    </FxCompile>
    <FxCompile Include="dummyhmdvs.hlsl">
      <Filter>shaders</Filter>
    </FxCompile>
    <FxCompile Include="simpleps.hlsl">
      <Filter>shaders</Filter>
    </FxCompile>
    <FxCompile Include="simplevs.hlsl">
      <Filter>shaders</Filter>
    </FxCompile>
    <FxCompile Include="sphereps.hlsl">
      <Filter>shaders</Filter>
    </FxCompile>
    <FxCompile Include="spherevs.hlsl">
      <Filter>shaders</Filter>
    </FxCompile>
    <FxCompile Include="terrainps.hlsl">
      <Filter>shaders</Filter>
    </FxCompile>
    <FxCompile Include="terrainvs.hlsl">
      <Filter>shaders</Filter>
    </FxCompile>
    <FxCompile Include="tonemapps.hlsl">
      <Filter>shaders</Filter>
    </FxCompile>
    <FxCompile Include="tonemapvs.hlsl">
      <Filter>shaders</Filter>
    </FxCompile>
    <FxCompile Include="luminancerangeps.hlsl">
      <Filter>shaders</Filter>
    </FxCompile>
    <FxCompile Include="luminancerangevs.hlsl">
      <Filter>shaders</Filter>
    </FxCompile>
    <FxCompile Include="loglumps.hlsl">
      <Filter>shaders</Filter>
    </FxCompile>
    <FxCompile Include="quadvs.hlsl">
      <Filter>shaders</Filter>
    </FxCompile>
    <FxCompile Include="imguips.hlsl">
      <Filter>shaders</Filter>
    </FxCompile>
    <FxCompile Include="loglumblendps.hlsl">
      <Filter>shaders</Filter>
    </FxCompile>
    <FxCompile Include="labelvs.hlsl">
      <Filter>shaders</Filter>
    </FxCompile>
    <FxCompile Include="labelps.hlsl">
      <Filter>shaders</Filter>
    </FxCompile>
    <FxCompile Include="labelflagpoleps.hlsl">
      <Filter>shaders</Filter>
    </FxCompile>
    <FxCompile Include="labelflagpolevs.hlsl">
      <Filter>shaders</Filter>
    </FxCompile>
    <FxCompile Include="simple2dvs.hlsl">
      <Filter>shaders</Filter>
    </FxCompile>
    <FxCompile Include="simple2dps.hlsl">
      <Filter>shaders</Filter>
    </FxCompile>
  </ItemGroup>
  <ItemGroup>
    <None Include="lighting.hlsli">
      <Filter>shaders</Filter>
    </None>
    <None Include="commoncbuffers.hlsli">
      <Filter>shaders</Filter>
    </None>
    <None Include="commonstructs.hlsli">
      <Filter>shaders</Filter>
    </None>
    <None Include="commonsamplers.hlsli">
      <Filter>shaders</Filter>
    </None>
  </ItemGroup>
</Project>